// !$*UTF8*$!
{
	archiveVersion = 1;
	classes = {
	};
	objectVersion = 55;
	objects = {

/* Begin PBXBuildFile section */
		CE02BA5B28AE9D8E0084C663 /* CustomButton.swift in Sources */ = {isa = PBXBuildFile; fileRef = CE02BA5A28AE9D8E0084C663 /* CustomButton.swift */; };
		CE094ACA27CFA1860076C5A8 /* ProfileHeaderView.swift in Sources */ = {isa = PBXBuildFile; fileRef = CE094AC927CFA1860076C5A8 /* ProfileHeaderView.swift */; };
		CE094ACE27CFA1F20076C5A8 /* ProfileViewController.swift in Sources */ = {isa = PBXBuildFile; fileRef = CE094ACD27CFA1F20076C5A8 /* ProfileViewController.swift */; };
		CE3D9C5229E8434D00DED357 /* SceneDelegate.swift in Sources */ = {isa = PBXBuildFile; fileRef = CE3D9C5129E8434D00DED357 /* SceneDelegate.swift */; };
		CE53E06A29CB5EB20057C281 /* LocalAuthorizationService.swift in Sources */ = {isa = PBXBuildFile; fileRef = CE53E06929CB5EB20057C281 /* LocalAuthorizationService.swift */; };
		CE5C29202AA854E700D1A5FE /* GoogleService-Info.plist in Resources */ = {isa = PBXBuildFile; fileRef = CE5C291F2AA854E600D1A5FE /* GoogleService-Info.plist */; };
		CE5C29262AA8B60B00D1A5FE /* User.swift in Sources */ = {isa = PBXBuildFile; fileRef = CE5C29252AA8B60B00D1A5FE /* User.swift */; };
		CE8042C12A5C41BF00B69C70 /* iOSIntPackage in Frameworks */ = {isa = PBXBuildFile; productRef = CE8042C02A5C41BF00B69C70 /* iOSIntPackage */; };
		CE93B66C2900596100B7E7FA /* CheckerService.swift in Sources */ = {isa = PBXBuildFile; fileRef = CE93B66B2900596100B7E7FA /* CheckerService.swift */; };
		CEB1845829675DF000A26EF7 /* Diploma.xcdatamodeld in Sources */ = {isa = PBXBuildFile; fileRef = CEB1845629675DF000A26EF7 /* Diploma.xcdatamodeld */; };
		CEB1845F296B3C1400A26EF7 /* FavoritesTableViewController.swift in Sources */ = {isa = PBXBuildFile; fileRef = CEB1845E296B3C1400A26EF7 /* FavoritesTableViewController.swift */; };
		CEB18461296B565600A26EF7 /* FavoritesCoreData.swift in Sources */ = {isa = PBXBuildFile; fileRef = CEB18460296B565600A26EF7 /* FavoritesCoreData.swift */; };
		CEB18463296C8FE000A26EF7 /* PostFavExtension.swift in Sources */ = {isa = PBXBuildFile; fileRef = CEB18462296C8FE000A26EF7 /* PostFavExtension.swift */; };
		CEBC07CA2822CE50009B3AC4 /* PostTableViewCell.swift in Sources */ = {isa = PBXBuildFile; fileRef = CEBC07C92822CE50009B3AC4 /* PostTableViewCell.swift */; };
		CEC0B89C283C00CC00041DC5 /* Photos.swift in Sources */ = {isa = PBXBuildFile; fileRef = CEC0B89B283C00CC00041DC5 /* Photos.swift */; };
		CEC171D6280C60F200C0B95E /* LogInViewController.swift in Sources */ = {isa = PBXBuildFile; fileRef = CEC171D5280C60F200C0B95E /* LogInViewController.swift */; };
		CEC254A028B76ABE00FD6852 /* MainCoordinator.swift in Sources */ = {isa = PBXBuildFile; fileRef = CEC2549F28B76ABE00FD6852 /* MainCoordinator.swift */; };
		CEC254A328B76BDC00FD6852 /* MainTabBarController.swift in Sources */ = {isa = PBXBuildFile; fileRef = CEC254A228B76BDC00FD6852 /* MainTabBarController.swift */; };
		CEC254A528B76CA300FD6852 /* NavControllerFactory.swift in Sources */ = {isa = PBXBuildFile; fileRef = CEC254A428B76CA300FD6852 /* NavControllerFactory.swift */; };
		CEC254A728B777DD00FD6852 /* FeedCoordinator.swift in Sources */ = {isa = PBXBuildFile; fileRef = CEC254A628B777DD00FD6852 /* FeedCoordinator.swift */; };
		CEC254A928B777F500FD6852 /* ProfileCoordinator.swift in Sources */ = {isa = PBXBuildFile; fileRef = CEC254A828B777F500FD6852 /* ProfileCoordinator.swift */; };
		CEC254AC28BAA24500FD6852 /* Post.swift in Sources */ = {isa = PBXBuildFile; fileRef = CECAF5FC28316D7C00258110 /* Post.swift */; };
		CECA8712293E4DDF004CB840 /* CustomAlert.swift in Sources */ = {isa = PBXBuildFile; fileRef = CECA8711293E4DDF004CB840 /* CustomAlert.swift */; };
		CECAF60328367EE700258110 /* PhotosTableViewCell.swift in Sources */ = {isa = PBXBuildFile; fileRef = CECAF60228367EE700258110 /* PhotosTableViewCell.swift */; };
		CECAF6052837CCCF00258110 /* PhotosViewController.swift in Sources */ = {isa = PBXBuildFile; fileRef = CECAF6042837CCCF00258110 /* PhotosViewController.swift */; };
		CECAF6072837D9CC00258110 /* PhotosCollectionViewCell.swift in Sources */ = {isa = PBXBuildFile; fileRef = CECAF6062837D9CC00258110 /* PhotosCollectionViewCell.swift */; };
		CECD182C27B83C8B00D89B3F /* AppDelegate.swift in Sources */ = {isa = PBXBuildFile; fileRef = CECD182B27B83C8B00D89B3F /* AppDelegate.swift */; };
		CECD183527B83C9000D89B3F /* Assets.xcassets in Resources */ = {isa = PBXBuildFile; fileRef = CECD183427B83C9000D89B3F /* Assets.xcassets */; };
		CECD183827B83C9000D89B3F /* LaunchScreen.storyboard in Resources */ = {isa = PBXBuildFile; fileRef = CECD183627B83C9000D89B3F /* LaunchScreen.storyboard */; };
		CECD184027BAE36400D89B3F /* FeedViewController.swift in Sources */ = {isa = PBXBuildFile; fileRef = CECD183F27BAE36400D89B3F /* FeedViewController.swift */; };
		CED0730328A8173200DE68DD /* LoginInspector.swift in Sources */ = {isa = PBXBuildFile; fileRef = CED0730228A8173200DE68DD /* LoginInspector.swift */; };
		CED0730728A920AD00DE68DD /* LoginFactory.swift in Sources */ = {isa = PBXBuildFile; fileRef = CED0730628A920AD00DE68DD /* LoginFactory.swift */; };
		CED0730928A9212600DE68DD /* MyLoginFactory.swift in Sources */ = {isa = PBXBuildFile; fileRef = CED0730828A9212600DE68DD /* MyLoginFactory.swift */; };
		CED23B292A7FEC7300CA1A93 /* PostViewController.swift in Sources */ = {isa = PBXBuildFile; fileRef = CED23B282A7FEC7300CA1A93 /* PostViewController.swift */; };
		CED23B2F2A83C92000CA1A93 /* UIImageExtension.swift in Sources */ = {isa = PBXBuildFile; fileRef = CED23B2E2A83C92000CA1A93 /* UIImageExtension.swift */; };
		CED23B362A96496200CA1A93 /* NetworkService.swift in Sources */ = {isa = PBXBuildFile; fileRef = CED23B352A96496200CA1A93 /* NetworkService.swift */; };
		CED23B382A96497200CA1A93 /* JasonModel.swift in Sources */ = {isa = PBXBuildFile; fileRef = CED23B372A96497200CA1A93 /* JasonModel.swift */; };
		CED23B3C2AA26DA100CA1A93 /* FeedHeaderCollectionView.swift in Sources */ = {isa = PBXBuildFile; fileRef = CED23B3B2AA26DA100CA1A93 /* FeedHeaderCollectionView.swift */; };
		CEDE0BC728DED73800BD3C7C /* ProfileModel.swift in Sources */ = {isa = PBXBuildFile; fileRef = CEDE0BC628DED73800BD3C7C /* ProfileModel.swift */; };
		CEEC4A2D298AB4C400CDE39B /* Localizable.strings in Resources */ = {isa = PBXBuildFile; fileRef = CEEC4A2F298AB4C400CDE39B /* Localizable.strings */; };
		CEEC4A34298AB55100CDE39B /* ExtensionForLocalizing.swift in Sources */ = {isa = PBXBuildFile; fileRef = CEEC4A33298AB55100CDE39B /* ExtensionForLocalizing.swift */; };
		CEEC4A39298BBF2700CDE39B /* Localizable.stringsdict in Resources */ = {isa = PBXBuildFile; fileRef = CEEC4A3B298BBF2700CDE39B /* Localizable.stringsdict */; };
		CEEC4A44299A61AF00CDE39B /* ColorExtension.swift in Sources */ = {isa = PBXBuildFile; fileRef = CEEC4A43299A61AF00CDE39B /* ColorExtension.swift */; };
		CEEC4A46299A63D100CDE39B /* CustomColors.swift in Sources */ = {isa = PBXBuildFile; fileRef = CEEC4A45299A63D100CDE39B /* CustomColors.swift */; };
		CEEDCA342ACB1E3A009A94A7 /* FirebaseAuth in Frameworks */ = {isa = PBXBuildFile; productRef = CEEDCA332ACB1E3A009A94A7 /* FirebaseAuth */; };
		CEEDCA362ACB1E3A009A94A7 /* FirebaseDatabase in Frameworks */ = {isa = PBXBuildFile; productRef = CEEDCA352ACB1E3A009A94A7 /* FirebaseDatabase */; };
		CEEDCA382ACB1E3A009A94A7 /* FirebaseDatabaseSwift in Frameworks */ = {isa = PBXBuildFile; productRef = CEEDCA372ACB1E3A009A94A7 /* FirebaseDatabaseSwift */; };
		CEEDCA3A2ACB1E3A009A94A7 /* FirebaseStorage in Frameworks */ = {isa = PBXBuildFile; productRef = CEEDCA392ACB1E3A009A94A7 /* FirebaseStorage */; };
		CEEDCA3C2ACBFE47009A94A7 /* SignUpViewController.swift in Sources */ = {isa = PBXBuildFile; fileRef = CEEDCA3B2ACBFE47009A94A7 /* SignUpViewController.swift */; };
		CEF9509B2B1B341A00B4E52D /* FirebaseSigleton.swift in Sources */ = {isa = PBXBuildFile; fileRef = CEF9509A2B1B341A00B4E52D /* FirebaseSigleton.swift */; };
/* End PBXBuildFile section */

/* Begin PBXCopyFilesBuildPhase section */
		CECA1FE328814911000595A4 /* Embed Frameworks */ = {
			isa = PBXCopyFilesBuildPhase;
			buildActionMask = 2147483647;
			dstPath = "";
			dstSubfolderSpec = 10;
			files = (
			);
			name = "Embed Frameworks";
			runOnlyForDeploymentPostprocessing = 0;
		};
/* End PBXCopyFilesBuildPhase section */

/* Begin PBXFileReference section */
		CE02BA5A28AE9D8E0084C663 /* CustomButton.swift */ = {isa = PBXFileReference; lastKnownFileType = sourcecode.swift; path = CustomButton.swift; sourceTree = "<group>"; };
		CE094AC927CFA1860076C5A8 /* ProfileHeaderView.swift */ = {isa = PBXFileReference; lastKnownFileType = sourcecode.swift; path = ProfileHeaderView.swift; sourceTree = "<group>"; };
		CE094ACD27CFA1F20076C5A8 /* ProfileViewController.swift */ = {isa = PBXFileReference; lastKnownFileType = sourcecode.swift; path = ProfileViewController.swift; sourceTree = "<group>"; };
		CE3D9C5129E8434D00DED357 /* SceneDelegate.swift */ = {isa = PBXFileReference; lastKnownFileType = sourcecode.swift; path = SceneDelegate.swift; sourceTree = "<group>"; };
		CE53E06929CB5EB20057C281 /* LocalAuthorizationService.swift */ = {isa = PBXFileReference; lastKnownFileType = sourcecode.swift; path = LocalAuthorizationService.swift; sourceTree = "<group>"; };
		CE5C291F2AA854E600D1A5FE /* GoogleService-Info.plist */ = {isa = PBXFileReference; fileEncoding = 4; lastKnownFileType = text.plist.xml; path = "GoogleService-Info.plist"; sourceTree = "<group>"; };
		CE5C29252AA8B60B00D1A5FE /* User.swift */ = {isa = PBXFileReference; lastKnownFileType = sourcecode.swift; path = User.swift; sourceTree = "<group>"; };
		CE93B66B2900596100B7E7FA /* CheckerService.swift */ = {isa = PBXFileReference; lastKnownFileType = sourcecode.swift; path = CheckerService.swift; sourceTree = "<group>"; };
		CEB1845729675DF000A26EF7 /* Industrial.xcdatamodel */ = {isa = PBXFileReference; lastKnownFileType = wrapper.xcdatamodel; path = Industrial.xcdatamodel; sourceTree = "<group>"; };
		CEB1845E296B3C1400A26EF7 /* FavoritesTableViewController.swift */ = {isa = PBXFileReference; lastKnownFileType = sourcecode.swift; path = FavoritesTableViewController.swift; sourceTree = "<group>"; };
		CEB18460296B565600A26EF7 /* FavoritesCoreData.swift */ = {isa = PBXFileReference; lastKnownFileType = sourcecode.swift; path = FavoritesCoreData.swift; sourceTree = "<group>"; };
		CEB18462296C8FE000A26EF7 /* PostFavExtension.swift */ = {isa = PBXFileReference; lastKnownFileType = sourcecode.swift; path = PostFavExtension.swift; sourceTree = "<group>"; };
		CEBC07C92822CE50009B3AC4 /* PostTableViewCell.swift */ = {isa = PBXFileReference; lastKnownFileType = sourcecode.swift; path = PostTableViewCell.swift; sourceTree = "<group>"; };
		CEC0B89B283C00CC00041DC5 /* Photos.swift */ = {isa = PBXFileReference; lastKnownFileType = sourcecode.swift; path = Photos.swift; sourceTree = "<group>"; };
		CEC171D5280C60F200C0B95E /* LogInViewController.swift */ = {isa = PBXFileReference; lastKnownFileType = sourcecode.swift; path = LogInViewController.swift; sourceTree = "<group>"; };
		CEC2549F28B76ABE00FD6852 /* MainCoordinator.swift */ = {isa = PBXFileReference; lastKnownFileType = sourcecode.swift; path = MainCoordinator.swift; sourceTree = "<group>"; };
		CEC254A228B76BDC00FD6852 /* MainTabBarController.swift */ = {isa = PBXFileReference; lastKnownFileType = sourcecode.swift; path = MainTabBarController.swift; sourceTree = "<group>"; };
		CEC254A428B76CA300FD6852 /* NavControllerFactory.swift */ = {isa = PBXFileReference; lastKnownFileType = sourcecode.swift; path = NavControllerFactory.swift; sourceTree = "<group>"; };
		CEC254A628B777DD00FD6852 /* FeedCoordinator.swift */ = {isa = PBXFileReference; lastKnownFileType = sourcecode.swift; path = FeedCoordinator.swift; sourceTree = "<group>"; };
		CEC254A828B777F500FD6852 /* ProfileCoordinator.swift */ = {isa = PBXFileReference; lastKnownFileType = sourcecode.swift; path = ProfileCoordinator.swift; sourceTree = "<group>"; };
		CECA8711293E4DDF004CB840 /* CustomAlert.swift */ = {isa = PBXFileReference; lastKnownFileType = sourcecode.swift; path = CustomAlert.swift; sourceTree = "<group>"; };
		CECA87132946440C004CB840 /* Diploma.entitlements */ = {isa = PBXFileReference; lastKnownFileType = text.plist.entitlements; path = Diploma.entitlements; sourceTree = "<group>"; };
		CECAF5FC28316D7C00258110 /* Post.swift */ = {isa = PBXFileReference; lastKnownFileType = sourcecode.swift; path = Post.swift; sourceTree = "<group>"; };
		CECAF60228367EE700258110 /* PhotosTableViewCell.swift */ = {isa = PBXFileReference; lastKnownFileType = sourcecode.swift; path = PhotosTableViewCell.swift; sourceTree = "<group>"; };
		CECAF6042837CCCF00258110 /* PhotosViewController.swift */ = {isa = PBXFileReference; lastKnownFileType = sourcecode.swift; path = PhotosViewController.swift; sourceTree = "<group>"; };
		CECAF6062837D9CC00258110 /* PhotosCollectionViewCell.swift */ = {isa = PBXFileReference; lastKnownFileType = sourcecode.swift; path = PhotosCollectionViewCell.swift; sourceTree = "<group>"; };
		CECD182827B83C8B00D89B3F /* Diploma.app */ = {isa = PBXFileReference; explicitFileType = wrapper.application; includeInIndex = 0; path = Diploma.app; sourceTree = BUILT_PRODUCTS_DIR; };
		CECD182B27B83C8B00D89B3F /* AppDelegate.swift */ = {isa = PBXFileReference; lastKnownFileType = sourcecode.swift; path = AppDelegate.swift; sourceTree = "<group>"; };
		CECD183427B83C9000D89B3F /* Assets.xcassets */ = {isa = PBXFileReference; lastKnownFileType = folder.assetcatalog; name = Assets.xcassets; path = Diploma/Assets.xcassets; sourceTree = SOURCE_ROOT; };
		CECD183727B83C9000D89B3F /* Base */ = {isa = PBXFileReference; lastKnownFileType = file.storyboard; name = Base; path = Base.lproj/LaunchScreen.storyboard; sourceTree = "<group>"; };
		CECD183927B83C9000D89B3F /* Info.plist */ = {isa = PBXFileReference; lastKnownFileType = text.plist.xml; path = Info.plist; sourceTree = "<group>"; };
		CECD183F27BAE36400D89B3F /* FeedViewController.swift */ = {isa = PBXFileReference; lastKnownFileType = sourcecode.swift; path = FeedViewController.swift; sourceTree = "<group>"; };
		CED0730228A8173200DE68DD /* LoginInspector.swift */ = {isa = PBXFileReference; lastKnownFileType = sourcecode.swift; path = LoginInspector.swift; sourceTree = "<group>"; };
		CED0730628A920AD00DE68DD /* LoginFactory.swift */ = {isa = PBXFileReference; lastKnownFileType = sourcecode.swift; path = LoginFactory.swift; sourceTree = "<group>"; };
		CED0730828A9212600DE68DD /* MyLoginFactory.swift */ = {isa = PBXFileReference; lastKnownFileType = sourcecode.swift; path = MyLoginFactory.swift; sourceTree = "<group>"; };
		CED23B282A7FEC7300CA1A93 /* PostViewController.swift */ = {isa = PBXFileReference; lastKnownFileType = sourcecode.swift; path = PostViewController.swift; sourceTree = "<group>"; };
		CED23B2E2A83C92000CA1A93 /* UIImageExtension.swift */ = {isa = PBXFileReference; lastKnownFileType = sourcecode.swift; path = UIImageExtension.swift; sourceTree = "<group>"; };
		CED23B352A96496200CA1A93 /* NetworkService.swift */ = {isa = PBXFileReference; lastKnownFileType = sourcecode.swift; path = NetworkService.swift; sourceTree = "<group>"; };
		CED23B372A96497200CA1A93 /* JasonModel.swift */ = {isa = PBXFileReference; lastKnownFileType = sourcecode.swift; path = JasonModel.swift; sourceTree = "<group>"; };
		CED23B3B2AA26DA100CA1A93 /* FeedHeaderCollectionView.swift */ = {isa = PBXFileReference; lastKnownFileType = sourcecode.swift; path = FeedHeaderCollectionView.swift; sourceTree = "<group>"; };
		CEDE0BC628DED73800BD3C7C /* ProfileModel.swift */ = {isa = PBXFileReference; lastKnownFileType = sourcecode.swift; path = ProfileModel.swift; sourceTree = "<group>"; };
		CEEC4A2E298AB4C400CDE39B /* en */ = {isa = PBXFileReference; lastKnownFileType = text.plist.strings; name = en; path = en.lproj/Localizable.strings; sourceTree = "<group>"; };
		CEEC4A30298AB4F000CDE39B /* ru */ = {isa = PBXFileReference; lastKnownFileType = text.plist.strings; name = ru; path = ru.lproj/LaunchScreen.strings; sourceTree = "<group>"; };
		CEEC4A31298AB4F100CDE39B /* ru */ = {isa = PBXFileReference; lastKnownFileType = text.plist.strings; name = ru; path = ru.lproj/Localizable.strings; sourceTree = "<group>"; };
		CEEC4A33298AB55100CDE39B /* ExtensionForLocalizing.swift */ = {isa = PBXFileReference; lastKnownFileType = sourcecode.swift; path = ExtensionForLocalizing.swift; sourceTree = "<group>"; };
		CEEC4A3A298BBF2700CDE39B /* ru */ = {isa = PBXFileReference; lastKnownFileType = text.plist.stringsdict; name = ru; path = ru.lproj/Localizable.stringsdict; sourceTree = "<group>"; };
		CEEC4A3D298BE4DF00CDE39B /* en */ = {isa = PBXFileReference; lastKnownFileType = text.plist.stringsdict; name = en; path = en.lproj/Localizable.stringsdict; sourceTree = "<group>"; };
		CEEC4A43299A61AF00CDE39B /* ColorExtension.swift */ = {isa = PBXFileReference; lastKnownFileType = sourcecode.swift; path = ColorExtension.swift; sourceTree = "<group>"; };
		CEEC4A45299A63D100CDE39B /* CustomColors.swift */ = {isa = PBXFileReference; lastKnownFileType = sourcecode.swift; path = CustomColors.swift; sourceTree = "<group>"; };
		CEEDCA3B2ACBFE47009A94A7 /* SignUpViewController.swift */ = {isa = PBXFileReference; lastKnownFileType = sourcecode.swift; path = SignUpViewController.swift; sourceTree = "<group>"; };
		CEF9509A2B1B341A00B4E52D /* FirebaseSigleton.swift */ = {isa = PBXFileReference; lastKnownFileType = sourcecode.swift; path = FirebaseSigleton.swift; sourceTree = "<group>"; };
/* End PBXFileReference section */

/* Begin PBXFrameworksBuildPhase section */
		CECD182527B83C8B00D89B3F /* Frameworks */ = {
			isa = PBXFrameworksBuildPhase;
			buildActionMask = 2147483647;
			files = (
				CEEDCA382ACB1E3A009A94A7 /* FirebaseDatabaseSwift in Frameworks */,
				CEEDCA362ACB1E3A009A94A7 /* FirebaseDatabase in Frameworks */,
				CEEDCA3A2ACB1E3A009A94A7 /* FirebaseStorage in Frameworks */,
				CE8042C12A5C41BF00B69C70 /* iOSIntPackage in Frameworks */,
				CEEDCA342ACB1E3A009A94A7 /* FirebaseAuth in Frameworks */,
			);
			runOnlyForDeploymentPostprocessing = 0;
		};
/* End PBXFrameworksBuildPhase section */

/* Begin PBXGroup section */
		CE02BA5928AE9D560084C663 /* CustomElements */ = {
			isa = PBXGroup;
			children = (
				CE02BA5A28AE9D8E0084C663 /* CustomButton.swift */,
				CECA8711293E4DDF004CB840 /* CustomAlert.swift */,
				CED23B2E2A83C92000CA1A93 /* UIImageExtension.swift */,
			);
			path = CustomElements;
			sourceTree = "<group>";
		};
		CE02BA5C28AF85260084C663 /* Feed */ = {
			isa = PBXGroup;
			children = (
				CECD183F27BAE36400D89B3F /* FeedViewController.swift */,
				CED23B282A7FEC7300CA1A93 /* PostViewController.swift */,
				CED23B3B2AA26DA100CA1A93 /* FeedHeaderCollectionView.swift */,
			);
			path = Feed;
			sourceTree = "<group>";
		};
		CE094AC827CFA1370076C5A8 /* Profile */ = {
			isa = PBXGroup;
			children = (
				CE094ACD27CFA1F20076C5A8 /* ProfileViewController.swift */,
				CE094AC927CFA1860076C5A8 /* ProfileHeaderView.swift */,
				CEDE0BC628DED73800BD3C7C /* ProfileModel.swift */,
				CECAF60228367EE700258110 /* PhotosTableViewCell.swift */,
				CEBC07C92822CE50009B3AC4 /* PostTableViewCell.swift */,
			);
			path = Profile;
			sourceTree = "<group>";
		};
		CE53E06529CB5E8B0057C281 /* Authorization */ = {
			isa = PBXGroup;
			children = (
				CE53E06929CB5EB20057C281 /* LocalAuthorizationService.swift */,
			);
			path = Authorization;
			sourceTree = "<group>";
		};
		CEB1845929675E0500A26EF7 /* CoreData */ = {
			isa = PBXGroup;
			children = (
				CEB18460296B565600A26EF7 /* FavoritesCoreData.swift */,
				CEB1845629675DF000A26EF7 /* Diploma.xcdatamodeld */,
			);
			path = CoreData;
			sourceTree = "<group>";
		};
		CEC2549E28B76AA700FD6852 /* Coordinators */ = {
			isa = PBXGroup;
			children = (
				CEC2549F28B76ABE00FD6852 /* MainCoordinator.swift */,
				CEC254A628B777DD00FD6852 /* FeedCoordinator.swift */,
				CEC254A828B777F500FD6852 /* ProfileCoordinator.swift */,
			);
			path = Coordinators;
			sourceTree = "<group>";
		};
		CEC254A128B76B9F00FD6852 /* TabBarController */ = {
			isa = PBXGroup;
			children = (
				CEC254A228B76BDC00FD6852 /* MainTabBarController.swift */,
			);
			path = TabBarController;
			sourceTree = "<group>";
		};
		CECD181F27B83C8B00D89B3F = {
			isa = PBXGroup;
			children = (
				CECD182A27B83C8B00D89B3F /* Diploma */,
				CECD182927B83C8B00D89B3F /* Products */,
			);
			sourceTree = "<group>";
		};
		CECD182927B83C8B00D89B3F /* Products */ = {
			isa = PBXGroup;
			children = (
				CECD182827B83C8B00D89B3F /* Diploma.app */,
			);
			name = Products;
			sourceTree = "<group>";
		};
		CECD182A27B83C8B00D89B3F /* Diploma */ = {
			isa = PBXGroup;
			children = (
				CECD182B27B83C8B00D89B3F /* AppDelegate.swift */,
				CECD183427B83C9000D89B3F /* Assets.xcassets */,
				CE53E06529CB5E8B0057C281 /* Authorization */,
				CEC2549E28B76AA700FD6852 /* Coordinators */,
				CEB1845929675E0500A26EF7 /* CoreData */,
				CE02BA5928AE9D560084C663 /* CustomElements */,
				CECA87132946440C004CB840 /* Diploma.entitlements */,
				CED0730528A9209700DE68DD /* Factory */,
				CED23B1B2A795F4B00CA1A93 /* Favorites */,
				CE02BA5C28AF85260084C663 /* Feed */,
				CEF950992B1B33F300B4E52D /* Firebase */,
				CE5C291F2AA854E600D1A5FE /* GoogleService-Info.plist */,
				CECD183927B83C9000D89B3F /* Info.plist */,
				CECD183627B83C9000D89B3F /* LaunchScreen.storyboard */,
				CEEC4A32298AB52100CDE39B /* Localizing */,
				CED23B422AA7443D00CA1A93 /* Login */,
				CED23B432AA7444D00CA1A93 /* Photo */,
				CED23B342A9648C400CA1A93 /* PostModel */,
				CE094AC827CFA1370076C5A8 /* Profile */,
				CE3D9C5129E8434D00DED357 /* SceneDelegate.swift */,
				CEC254A128B76B9F00FD6852 /* TabBarController */,
				CEEC4A42299A619500CDE39B /* Themes */,
			);
			path = Diploma;
			sourceTree = "<group>";
		};
		CED0730528A9209700DE68DD /* Factory */ = {
			isa = PBXGroup;
			children = (
				CED0730628A920AD00DE68DD /* LoginFactory.swift */,
				CED0730828A9212600DE68DD /* MyLoginFactory.swift */,
				CEC254A428B76CA300FD6852 /* NavControllerFactory.swift */,
			);
			path = Factory;
			sourceTree = "<group>";
		};
		CED23B1B2A795F4B00CA1A93 /* Favorites */ = {
			isa = PBXGroup;
			children = (
				CEB1845E296B3C1400A26EF7 /* FavoritesTableViewController.swift */,
				CEB18462296C8FE000A26EF7 /* PostFavExtension.swift */,
			);
			path = Favorites;
			sourceTree = "<group>";
		};
		CED23B342A9648C400CA1A93 /* PostModel */ = {
			isa = PBXGroup;
			children = (
				CECAF5FC28316D7C00258110 /* Post.swift */,
				CED23B352A96496200CA1A93 /* NetworkService.swift */,
				CED23B372A96497200CA1A93 /* JasonModel.swift */,
			);
			path = PostModel;
			sourceTree = "<group>";
		};
		CED23B422AA7443D00CA1A93 /* Login */ = {
			isa = PBXGroup;
			children = (
				CEC171D5280C60F200C0B95E /* LogInViewController.swift */,
				CEEDCA3B2ACBFE47009A94A7 /* SignUpViewController.swift */,
				CED0730228A8173200DE68DD /* LoginInspector.swift */,
				CE93B66B2900596100B7E7FA /* CheckerService.swift */,
				CE5C29252AA8B60B00D1A5FE /* User.swift */,
			);
			path = Login;
			sourceTree = "<group>";
		};
		CED23B432AA7444D00CA1A93 /* Photo */ = {
			isa = PBXGroup;
			children = (
				CECAF6042837CCCF00258110 /* PhotosViewController.swift */,
				CEC0B89B283C00CC00041DC5 /* Photos.swift */,
				CECAF6062837D9CC00258110 /* PhotosCollectionViewCell.swift */,
			);
			path = Photo;
			sourceTree = "<group>";
		};
		CEEC4A32298AB52100CDE39B /* Localizing */ = {
			isa = PBXGroup;
			children = (
				CEEC4A2F298AB4C400CDE39B /* Localizable.strings */,
				CEEC4A33298AB55100CDE39B /* ExtensionForLocalizing.swift */,
				CEEC4A3B298BBF2700CDE39B /* Localizable.stringsdict */,
			);
			path = Localizing;
			sourceTree = "<group>";
		};
		CEEC4A42299A619500CDE39B /* Themes */ = {
			isa = PBXGroup;
			children = (
				CEEC4A43299A61AF00CDE39B /* ColorExtension.swift */,
				CEEC4A45299A63D100CDE39B /* CustomColors.swift */,
			);
			path = Themes;
			sourceTree = "<group>";
		};
		CEF950992B1B33F300B4E52D /* Firebase */ = {
			isa = PBXGroup;
			children = (
				CEF9509A2B1B341A00B4E52D /* FirebaseSigleton.swift */,
			);
			path = Firebase;
			sourceTree = "<group>";
		};
/* End PBXGroup section */

/* Begin PBXNativeTarget section */
		CECD182727B83C8B00D89B3F /* Diploma */ = {
			isa = PBXNativeTarget;
			buildConfigurationList = CECD183C27B83C9000D89B3F /* Build configuration list for PBXNativeTarget "Diploma" */;
			buildPhases = (
				CECD182427B83C8B00D89B3F /* Sources */,
				CECD182527B83C8B00D89B3F /* Frameworks */,
				CECD182627B83C8B00D89B3F /* Resources */,
				CECA1FE328814911000595A4 /* Embed Frameworks */,
			);
			buildRules = (
			);
			dependencies = (
			);
			name = Diploma;
			packageProductDependencies = (
				CE8042C02A5C41BF00B69C70 /* iOSIntPackage */,
				CEEDCA332ACB1E3A009A94A7 /* FirebaseAuth */,
				CEEDCA352ACB1E3A009A94A7 /* FirebaseDatabase */,
				CEEDCA372ACB1E3A009A94A7 /* FirebaseDatabaseSwift */,
				CEEDCA392ACB1E3A009A94A7 /* FirebaseStorage */,
			);
			productName = Navigation;
			productReference = CECD182827B83C8B00D89B3F /* Diploma.app */;
			productType = "com.apple.product-type.application";
		};
/* End PBXNativeTarget section */

/* Begin PBXProject section */
		CECD182027B83C8B00D89B3F /* Project object */ = {
			isa = PBXProject;
			attributes = {
				BuildIndependentTargetsInParallel = 1;
				LastSwiftUpdateCheck = 1420;
				LastUpgradeCheck = 1430;
				TargetAttributes = {
					CECD182727B83C8B00D89B3F = {
						CreatedOnToolsVersion = 13.1;
					};
				};
			};
			buildConfigurationList = CECD182327B83C8B00D89B3F /* Build configuration list for PBXProject "Diploma" */;
			compatibilityVersion = "Xcode 13.0";
			developmentRegion = en;
			hasScannedForEncodings = 0;
			knownRegions = (
				en,
				Base,
				ru,
			);
			mainGroup = CECD181F27B83C8B00D89B3F;
			packageReferences = (
				CE8042BF2A5C41BF00B69C70 /* XCRemoteSwiftPackageReference "iOSIntPackage" */,
				CEEDCA322ACB1E3A009A94A7 /* XCRemoteSwiftPackageReference "firebase-ios-sdk" */,
			);
			productRefGroup = CECD182927B83C8B00D89B3F /* Products */;
			projectDirPath = "";
			projectRoot = "";
			targets = (
				CECD182727B83C8B00D89B3F /* Diploma */,
			);
		};
/* End PBXProject section */

/* Begin PBXResourcesBuildPhase section */
		CECD182627B83C8B00D89B3F /* Resources */ = {
			isa = PBXResourcesBuildPhase;
			buildActionMask = 2147483647;
			files = (
				CECD183827B83C9000D89B3F /* LaunchScreen.storyboard in Resources */,
				CEEC4A2D298AB4C400CDE39B /* Localizable.strings in Resources */,
				CE5C29202AA854E700D1A5FE /* GoogleService-Info.plist in Resources */,
				CECD183527B83C9000D89B3F /* Assets.xcassets in Resources */,
				CEEC4A39298BBF2700CDE39B /* Localizable.stringsdict in Resources */,
			);
			runOnlyForDeploymentPostprocessing = 0;
		};
/* End PBXResourcesBuildPhase section */

/* Begin PBXSourcesBuildPhase section */
		CECD182427B83C8B00D89B3F /* Sources */ = {
			isa = PBXSourcesBuildPhase;
			buildActionMask = 2147483647;
			files = (
				CEEDCA3C2ACBFE47009A94A7 /* SignUpViewController.swift in Sources */,
				CED23B382A96497200CA1A93 /* JasonModel.swift in Sources */,
				CE5C29262AA8B60B00D1A5FE /* User.swift in Sources */,
				CEB18463296C8FE000A26EF7 /* PostFavExtension.swift in Sources */,
				CEC254A028B76ABE00FD6852 /* MainCoordinator.swift in Sources */,
				CEC254A328B76BDC00FD6852 /* MainTabBarController.swift in Sources */,
				CEB1845829675DF000A26EF7 /* Diploma.xcdatamodeld in Sources */,
				CED23B292A7FEC7300CA1A93 /* PostViewController.swift in Sources */,
				CEB18461296B565600A26EF7 /* FavoritesCoreData.swift in Sources */,
				CED0730928A9212600DE68DD /* MyLoginFactory.swift in Sources */,
				CEC254A928B777F500FD6852 /* ProfileCoordinator.swift in Sources */,
				CEB1845F296B3C1400A26EF7 /* FavoritesTableViewController.swift in Sources */,
				CE53E06A29CB5EB20057C281 /* LocalAuthorizationService.swift in Sources */,
				CEEC4A46299A63D100CDE39B /* CustomColors.swift in Sources */,
				CED23B3C2AA26DA100CA1A93 /* FeedHeaderCollectionView.swift in Sources */,
				CECD182C27B83C8B00D89B3F /* AppDelegate.swift in Sources */,
				CED0730328A8173200DE68DD /* LoginInspector.swift in Sources */,
				CECAF60328367EE700258110 /* PhotosTableViewCell.swift in Sources */,
				CECAF6072837D9CC00258110 /* PhotosCollectionViewCell.swift in Sources */,
				CEF9509B2B1B341A00B4E52D /* FirebaseSigleton.swift in Sources */,
				CEDE0BC728DED73800BD3C7C /* ProfileModel.swift in Sources */,
				CE094ACA27CFA1860076C5A8 /* ProfileHeaderView.swift in Sources */,
				CEC0B89C283C00CC00041DC5 /* Photos.swift in Sources */,
				CEC171D6280C60F200C0B95E /* LogInViewController.swift in Sources */,
				CED0730728A920AD00DE68DD /* LoginFactory.swift in Sources */,
				CED23B362A96496200CA1A93 /* NetworkService.swift in Sources */,
				CE93B66C2900596100B7E7FA /* CheckerService.swift in Sources */,
				CECA8712293E4DDF004CB840 /* CustomAlert.swift in Sources */,
				CECD184027BAE36400D89B3F /* FeedViewController.swift in Sources */,
				CE3D9C5229E8434D00DED357 /* SceneDelegate.swift in Sources */,
				CEEC4A44299A61AF00CDE39B /* ColorExtension.swift in Sources */,
				CEEC4A34298AB55100CDE39B /* ExtensionForLocalizing.swift in Sources */,
				CEC254A528B76CA300FD6852 /* NavControllerFactory.swift in Sources */,
				CEC254AC28BAA24500FD6852 /* Post.swift in Sources */,
				CE02BA5B28AE9D8E0084C663 /* CustomButton.swift in Sources */,
				CE094ACE27CFA1F20076C5A8 /* ProfileViewController.swift in Sources */,
				CECAF6052837CCCF00258110 /* PhotosViewController.swift in Sources */,
				CED23B2F2A83C92000CA1A93 /* UIImageExtension.swift in Sources */,
				CEC254A728B777DD00FD6852 /* FeedCoordinator.swift in Sources */,
				CEBC07CA2822CE50009B3AC4 /* PostTableViewCell.swift in Sources */,
			);
			runOnlyForDeploymentPostprocessing = 0;
		};
/* End PBXSourcesBuildPhase section */

/* Begin PBXVariantGroup section */
		CECD183627B83C9000D89B3F /* LaunchScreen.storyboard */ = {
			isa = PBXVariantGroup;
			children = (
				CECD183727B83C9000D89B3F /* Base */,
				CEEC4A30298AB4F000CDE39B /* ru */,
			);
			name = LaunchScreen.storyboard;
			sourceTree = "<group>";
		};
		CEEC4A2F298AB4C400CDE39B /* Localizable.strings */ = {
			isa = PBXVariantGroup;
			children = (
				CEEC4A2E298AB4C400CDE39B /* en */,
				CEEC4A31298AB4F100CDE39B /* ru */,
			);
			name = Localizable.strings;
			sourceTree = "<group>";
		};
		CEEC4A3B298BBF2700CDE39B /* Localizable.stringsdict */ = {
			isa = PBXVariantGroup;
			children = (
				CEEC4A3A298BBF2700CDE39B /* ru */,
				CEEC4A3D298BE4DF00CDE39B /* en */,
			);
			name = Localizable.stringsdict;
			sourceTree = "<group>";
		};
/* End PBXVariantGroup section */

/* Begin XCBuildConfiguration section */
		CECD183A27B83C9000D89B3F /* Debug */ = {
			isa = XCBuildConfiguration;
			buildSettings = {
				ALWAYS_SEARCH_USER_PATHS = NO;
				BUILD_LIBRARY_FOR_DISTRIBUTION = YES;
				CLANG_ANALYZER_LOCALIZABILITY_NONLOCALIZED = YES;
				CLANG_ANALYZER_NONNULL = YES;
				CLANG_ANALYZER_NUMBER_OBJECT_CONVERSION = YES_AGGRESSIVE;
				CLANG_CXX_LANGUAGE_STANDARD = "gnu++17";
				CLANG_CXX_LIBRARY = "libc++";
				CLANG_ENABLE_MODULES = YES;
				CLANG_ENABLE_OBJC_ARC = YES;
				CLANG_ENABLE_OBJC_WEAK = YES;
				CLANG_WARN_BLOCK_CAPTURE_AUTORELEASING = YES;
				CLANG_WARN_BOOL_CONVERSION = YES;
				CLANG_WARN_COMMA = YES;
				CLANG_WARN_CONSTANT_CONVERSION = YES;
				CLANG_WARN_DEPRECATED_OBJC_IMPLEMENTATIONS = YES;
				CLANG_WARN_DIRECT_OBJC_ISA_USAGE = YES_ERROR;
				CLANG_WARN_DOCUMENTATION_COMMENTS = YES;
				CLANG_WARN_EMPTY_BODY = YES;
				CLANG_WARN_ENUM_CONVERSION = YES;
				CLANG_WARN_INFINITE_RECURSION = YES;
				CLANG_WARN_INT_CONVERSION = YES;
				CLANG_WARN_NON_LITERAL_NULL_CONVERSION = YES;
				CLANG_WARN_OBJC_IMPLICIT_RETAIN_SELF = YES;
				CLANG_WARN_OBJC_LITERAL_CONVERSION = YES;
				CLANG_WARN_OBJC_ROOT_CLASS = YES_ERROR;
				CLANG_WARN_QUOTED_INCLUDE_IN_FRAMEWORK_HEADER = YES;
				CLANG_WARN_RANGE_LOOP_ANALYSIS = YES;
				CLANG_WARN_STRICT_PROTOTYPES = YES;
				CLANG_WARN_SUSPICIOUS_MOVE = YES;
				CLANG_WARN_UNGUARDED_AVAILABILITY = YES_AGGRESSIVE;
				CLANG_WARN_UNREACHABLE_CODE = YES;
				CLANG_WARN__DUPLICATE_METHOD_MATCH = YES;
				COPY_PHASE_STRIP = NO;
				DEBUG_INFORMATION_FORMAT = dwarf;
				ENABLE_STRICT_OBJC_MSGSEND = YES;
				ENABLE_TESTABILITY = YES;
				GCC_C_LANGUAGE_STANDARD = gnu11;
				GCC_DYNAMIC_NO_PIC = NO;
				GCC_NO_COMMON_BLOCKS = YES;
				GCC_OPTIMIZATION_LEVEL = 0;
				GCC_PREPROCESSOR_DEFINITIONS = (
					"DEBUG=1",
					"$(inherited)",
				);
				GCC_WARN_64_TO_32_BIT_CONVERSION = YES;
				GCC_WARN_ABOUT_RETURN_TYPE = YES_ERROR;
				GCC_WARN_UNDECLARED_SELECTOR = YES;
				GCC_WARN_UNINITIALIZED_AUTOS = YES_AGGRESSIVE;
				GCC_WARN_UNUSED_FUNCTION = YES;
				GCC_WARN_UNUSED_VARIABLE = YES;
				INFOPLIST_KEY_UIUserInterfaceStyle = Automatic;
				IPHONEOS_DEPLOYMENT_TARGET = 15.0;
				MTL_ENABLE_DEBUG_INFO = INCLUDE_SOURCE;
				MTL_FAST_MATH = YES;
				ONLY_ACTIVE_ARCH = YES;
				SDKROOT = iphoneos;
				SWIFT_ACTIVE_COMPILATION_CONDITIONS = DEBUG;
				SWIFT_OPTIMIZATION_LEVEL = "-Onone";
			};
			name = Debug;
		};
		CECD183B27B83C9000D89B3F /* Release */ = {
			isa = XCBuildConfiguration;
			buildSettings = {
				ALWAYS_SEARCH_USER_PATHS = NO;
				BUILD_LIBRARY_FOR_DISTRIBUTION = YES;
				CLANG_ANALYZER_LOCALIZABILITY_NONLOCALIZED = YES;
				CLANG_ANALYZER_NONNULL = YES;
				CLANG_ANALYZER_NUMBER_OBJECT_CONVERSION = YES_AGGRESSIVE;
				CLANG_CXX_LANGUAGE_STANDARD = "gnu++17";
				CLANG_CXX_LIBRARY = "libc++";
				CLANG_ENABLE_MODULES = YES;
				CLANG_ENABLE_OBJC_ARC = YES;
				CLANG_ENABLE_OBJC_WEAK = YES;
				CLANG_WARN_BLOCK_CAPTURE_AUTORELEASING = YES;
				CLANG_WARN_BOOL_CONVERSION = YES;
				CLANG_WARN_COMMA = YES;
				CLANG_WARN_CONSTANT_CONVERSION = YES;
				CLANG_WARN_DEPRECATED_OBJC_IMPLEMENTATIONS = YES;
				CLANG_WARN_DIRECT_OBJC_ISA_USAGE = YES_ERROR;
				CLANG_WARN_DOCUMENTATION_COMMENTS = YES;
				CLANG_WARN_EMPTY_BODY = YES;
				CLANG_WARN_ENUM_CONVERSION = YES;
				CLANG_WARN_INFINITE_RECURSION = YES;
				CLANG_WARN_INT_CONVERSION = YES;
				CLANG_WARN_NON_LITERAL_NULL_CONVERSION = YES;
				CLANG_WARN_OBJC_IMPLICIT_RETAIN_SELF = YES;
				CLANG_WARN_OBJC_LITERAL_CONVERSION = YES;
				CLANG_WARN_OBJC_ROOT_CLASS = YES_ERROR;
				CLANG_WARN_QUOTED_INCLUDE_IN_FRAMEWORK_HEADER = YES;
				CLANG_WARN_RANGE_LOOP_ANALYSIS = YES;
				CLANG_WARN_STRICT_PROTOTYPES = YES;
				CLANG_WARN_SUSPICIOUS_MOVE = YES;
				CLANG_WARN_UNGUARDED_AVAILABILITY = YES_AGGRESSIVE;
				CLANG_WARN_UNREACHABLE_CODE = YES;
				CLANG_WARN__DUPLICATE_METHOD_MATCH = YES;
				COPY_PHASE_STRIP = NO;
				DEBUG_INFORMATION_FORMAT = "dwarf-with-dsym";
				ENABLE_NS_ASSERTIONS = NO;
				ENABLE_STRICT_OBJC_MSGSEND = YES;
				GCC_C_LANGUAGE_STANDARD = gnu11;
				GCC_NO_COMMON_BLOCKS = YES;
				GCC_WARN_64_TO_32_BIT_CONVERSION = YES;
				GCC_WARN_ABOUT_RETURN_TYPE = YES_ERROR;
				GCC_WARN_UNDECLARED_SELECTOR = YES;
				GCC_WARN_UNINITIALIZED_AUTOS = YES_AGGRESSIVE;
				GCC_WARN_UNUSED_FUNCTION = YES;
				GCC_WARN_UNUSED_VARIABLE = YES;
				INFOPLIST_KEY_UIUserInterfaceStyle = Automatic;
				IPHONEOS_DEPLOYMENT_TARGET = 15.0;
				MTL_ENABLE_DEBUG_INFO = NO;
				MTL_FAST_MATH = YES;
				SDKROOT = iphoneos;
				SWIFT_ACTIVE_COMPILATION_CONDITIONS = RELEASE;
				SWIFT_COMPILATION_MODE = wholemodule;
				SWIFT_OPTIMIZATION_LEVEL = "-O";
				VALIDATE_PRODUCT = YES;
			};
			name = Release;
		};
		CECD183D27B83C9000D89B3F /* Debug */ = {
			isa = XCBuildConfiguration;
			buildSettings = {
				ASSETCATALOG_COMPILER_APPICON_NAME = AppIcon;
				ASSETCATALOG_COMPILER_GLOBAL_ACCENT_COLOR_NAME = AccentColor;
				BUILD_LIBRARY_FOR_DISTRIBUTION = NO;
				CODE_SIGN_ENTITLEMENTS = Diploma/Diploma.entitlements;
				CODE_SIGN_STYLE = Automatic;
				CURRENT_PROJECT_VERSION = 1;
				DEVELOPMENT_TEAM = FYSS8G4VY5;
				GENERATE_INFOPLIST_FILE = YES;
				INFOPLIST_FILE = Diploma/Info.plist;
				INFOPLIST_KEY_CFBundleDisplayName = "";
				INFOPLIST_KEY_LSApplicationCategoryType = "";
				INFOPLIST_KEY_NSCameraUsageDescription = "This app is going to use your camera";
				INFOPLIST_KEY_NSFaceIDUsageDescription = "We use Face ID for authentication";
				INFOPLIST_KEY_NSLocationAlwaysAndWhenInUseUsageDescription = "This app is going to use your location";
				INFOPLIST_KEY_NSLocationWhenInUseUsageDescription = "This app is going to use your location";
				INFOPLIST_KEY_NSPhotoLibraryUsageDescription = "This app is going to use your photos";
				INFOPLIST_KEY_UIApplicationSupportsIndirectInputEvents = YES;
				INFOPLIST_KEY_UILaunchStoryboardName = LaunchScreen;
				INFOPLIST_KEY_UISupportedInterfaceOrientations_iPad = "UIInterfaceOrientationPortrait UIInterfaceOrientationPortrait UIInterfaceOrientationPortraitUpsideDown UIInterfaceOrientationLandscapeLeft UIInterfaceOrientationLandscapeRight";
				INFOPLIST_KEY_UISupportedInterfaceOrientations_iPhone = "UIInterfaceOrientationPortrait UIInterfaceOrientationLandscapeLeft UIInterfaceOrientationLandscapeRight";
				INFOPLIST_KEY_UIUserInterfaceStyle = Automatic;
				IPHONEOS_DEPLOYMENT_TARGET = 16.2;
				LD_RUNPATH_SEARCH_PATHS = (
					"$(inherited)",
					"@executable_path/Frameworks",
				);
				MARKETING_VERSION = 1.0;
				PRODUCT_BUNDLE_IDENTIFIER = DG.Diploma;
				PRODUCT_NAME = "$(TARGET_NAME)";
				SUPPORTED_PLATFORMS = "iphoneos iphonesimulator";
				SUPPORTS_MACCATALYST = NO;
				SUPPORTS_MAC_DESIGNED_FOR_IPHONE_IPAD = YES;
				SWIFT_EMIT_LOC_STRINGS = YES;
				SWIFT_VERSION = 5.0;
				TARGETED_DEVICE_FAMILY = "1,2";
			};
			name = Debug;
		};
		CECD183E27B83C9000D89B3F /* Release */ = {
			isa = XCBuildConfiguration;
			buildSettings = {
				ASSETCATALOG_COMPILER_APPICON_NAME = AppIcon;
				ASSETCATALOG_COMPILER_GLOBAL_ACCENT_COLOR_NAME = AccentColor;
				BUILD_LIBRARY_FOR_DISTRIBUTION = NO;
				CODE_SIGN_ENTITLEMENTS = Diploma/Diploma.entitlements;
				CODE_SIGN_STYLE = Automatic;
				CURRENT_PROJECT_VERSION = 1;
				DEVELOPMENT_TEAM = FYSS8G4VY5;
				GENERATE_INFOPLIST_FILE = YES;
				INFOPLIST_FILE = Diploma/Info.plist;
				INFOPLIST_KEY_CFBundleDisplayName = "";
				INFOPLIST_KEY_LSApplicationCategoryType = "";
				INFOPLIST_KEY_NSCameraUsageDescription = "This app is going to use your camera";
				INFOPLIST_KEY_NSFaceIDUsageDescription = "We use Face ID for authentication";
				INFOPLIST_KEY_NSLocationAlwaysAndWhenInUseUsageDescription = "This app is going to use your location";
				INFOPLIST_KEY_NSLocationWhenInUseUsageDescription = "This app is going to use your location";
				INFOPLIST_KEY_NSPhotoLibraryUsageDescription = "This app is going to use your photos";
				INFOPLIST_KEY_UIApplicationSupportsIndirectInputEvents = YES;
				INFOPLIST_KEY_UILaunchStoryboardName = LaunchScreen;
				INFOPLIST_KEY_UISupportedInterfaceOrientations_iPad = "UIInterfaceOrientationPortrait UIInterfaceOrientationPortrait UIInterfaceOrientationPortraitUpsideDown UIInterfaceOrientationLandscapeLeft UIInterfaceOrientationLandscapeRight";
				INFOPLIST_KEY_UISupportedInterfaceOrientations_iPhone = "UIInterfaceOrientationPortrait UIInterfaceOrientationLandscapeLeft UIInterfaceOrientationLandscapeRight";
				INFOPLIST_KEY_UIUserInterfaceStyle = Automatic;
				IPHONEOS_DEPLOYMENT_TARGET = 16.2;
				LD_RUNPATH_SEARCH_PATHS = (
					"$(inherited)",
					"@executable_path/Frameworks",
				);
				MARKETING_VERSION = 1.0;
				PRODUCT_BUNDLE_IDENTIFIER = DG.Diploma;
				PRODUCT_NAME = "$(TARGET_NAME)";
				SUPPORTED_PLATFORMS = "iphoneos iphonesimulator";
				SUPPORTS_MACCATALYST = NO;
				SUPPORTS_MAC_DESIGNED_FOR_IPHONE_IPAD = YES;
				SWIFT_EMIT_LOC_STRINGS = YES;
				SWIFT_VERSION = 5.0;
				TARGETED_DEVICE_FAMILY = "1,2";
			};
			name = Release;
		};
/* End XCBuildConfiguration section */

/* Begin XCConfigurationList section */
		CECD182327B83C8B00D89B3F /* Build configuration list for PBXProject "Diploma" */ = {
			isa = XCConfigurationList;
			buildConfigurations = (
				CECD183A27B83C9000D89B3F /* Debug */,
				CECD183B27B83C9000D89B3F /* Release */,
			);
			defaultConfigurationIsVisible = 0;
			defaultConfigurationName = Release;
		};
		CECD183C27B83C9000D89B3F /* Build configuration list for PBXNativeTarget "Diploma" */ = {
			isa = XCConfigurationList;
			buildConfigurations = (
				CECD183D27B83C9000D89B3F /* Debug */,
				CECD183E27B83C9000D89B3F /* Release */,
			);
			defaultConfigurationIsVisible = 0;
			defaultConfigurationName = Release;
		};
/* End XCConfigurationList section */

/* Begin XCRemoteSwiftPackageReference section */
		CE8042BF2A5C41BF00B69C70 /* XCRemoteSwiftPackageReference "iOSIntPackage" */ = {
			isa = XCRemoteSwiftPackageReference;
			repositoryURL = "https://github.com/TrueMax/iOSIntPackage";
			requirement = {
				branch = imagepublisher;
				kind = branch;
			};
		};
		CEEDCA322ACB1E3A009A94A7 /* XCRemoteSwiftPackageReference "firebase-ios-sdk" */ = {
			isa = XCRemoteSwiftPackageReference;
			repositoryURL = "https://github.com/firebase/firebase-ios-sdk";
			requirement = {
				kind = upToNextMajorVersion;
				minimumVersion = 10.0.0;
			};
		};
/* End XCRemoteSwiftPackageReference section */

/* Begin XCSwiftPackageProductDependency section */
		CE8042C02A5C41BF00B69C70 /* iOSIntPackage */ = {
			isa = XCSwiftPackageProductDependency;
			package = CE8042BF2A5C41BF00B69C70 /* XCRemoteSwiftPackageReference "iOSIntPackage" */;
			productName = iOSIntPackage;
		};
		CEEDCA332ACB1E3A009A94A7 /* FirebaseAuth */ = {
			isa = XCSwiftPackageProductDependency;
			package = CEEDCA322ACB1E3A009A94A7 /* XCRemoteSwiftPackageReference "firebase-ios-sdk" */;
			productName = FirebaseAuth;
		};
		CEEDCA352ACB1E3A009A94A7 /* FirebaseDatabase */ = {
			isa = XCSwiftPackageProductDependency;
			package = CEEDCA322ACB1E3A009A94A7 /* XCRemoteSwiftPackageReference "firebase-ios-sdk" */;
			productName = FirebaseDatabase;
		};
		CEEDCA372ACB1E3A009A94A7 /* FirebaseDatabaseSwift */ = {
			isa = XCSwiftPackageProductDependency;
			package = CEEDCA322ACB1E3A009A94A7 /* XCRemoteSwiftPackageReference "firebase-ios-sdk" */;
			productName = FirebaseDatabaseSwift;
		};
		CEEDCA392ACB1E3A009A94A7 /* FirebaseStorage */ = {
			isa = XCSwiftPackageProductDependency;
			package = CEEDCA322ACB1E3A009A94A7 /* XCRemoteSwiftPackageReference "firebase-ios-sdk" */;
			productName = FirebaseStorage;
		};
/* End XCSwiftPackageProductDependency section */

/* Begin XCVersionGroup section */
		CEB1845629675DF000A26EF7 /* Diploma.xcdatamodeld */ = {
			isa = XCVersionGroup;
			children = (
				CEB1845729675DF000A26EF7 /* Industrial.xcdatamodel */,
			);
			currentVersion = CEB1845729675DF000A26EF7 /* Industrial.xcdatamodel */;
			path = Diploma.xcdatamodeld;
			sourceTree = "<group>";
			versionGroupType = wrapper.xcdatamodel;
		};
/* End XCVersionGroup section */
	};
	rootObject = CECD182027B83C8B00D89B3F /* Project object */;
}
